
Microsoft Visual Studio Solution File, Format Version 12.00
# Visual Studio Version 16
VisualStudioVersion = 16.0.31005.135
MinimumVisualStudioVersion = 10.0.40219.1
Project("{FAE04EC0-301F-11D3-BF4B-00C04F79EFBC}") = "8.cviceni", "8.cviceni.csproj", "{98D68F60-988A-43FD-B8B0-F89A472E3C71}"
EndProject
Global
	GlobalSection(SolutionConfigurationPlatforms) = preSolution
		Debug|Any CPU = Debug|Any CPU
		Release|Any CPU = Release|Any CPU
	EndGlobalSection
	GlobalSection(ProjectConfigurationPlatforms) = postSolution
		{98D68F60-988A-43FD-B8B0-F89A472E3C71}.Debug|Any CPU.ActiveCfg = Debug|Any CPU
		{98D68F60-988A-43FD-B8B0-F89A472E3C71}.Debug|Any CPU.Build.0 = Debug|Any CPU
		{98D68F60-988A-43FD-B8B0-F89A472E3C71}.Release|Any CPU.ActiveCfg = Release|Any CPU
		{98D68F60-988A-43FD-B8B0-F89A472E3C71}.Release|Any CPU.Build.0 = Release|Any CPU
	EndGlobalSection
	GlobalSection(SolutionProperties) = preSolution
		HideSolutionNode = FALSE
	EndGlobalSection
	GlobalSection(ExtensibilityGlobals) = postSolution
		SolutionGuid = {C9B70424-0E84-4AF0-9B4B-60D3FF4B8119}
	EndGlobalSection
EndGlobal
